
Microsoft Visual Studio Solution File, Format Version 12.00
# Visual Studio Version 17
VisualStudioVersion = 17.9.34607.119
MinimumVisualStudioVersion = 10.0.40219.1
Project("{9A19103F-16F7-4668-BE54-9A1E7A4F7556}") = "Tienda_C", "Tienda_C\Tienda_C.csproj", "{15CA2951-0A69-46F9-822A-6AEB516BD66C}"
EndProject
Project("{FAE04EC0-301F-11D3-BF4B-00C04F79EFBC}") = "DAL", "DAL\DAL.csproj", "{79A46E43-2F4C-424F-BCB8-1DA7760939F8}"
EndProject
Global
	GlobalSection(SolutionConfigurationPlatforms) = preSolution
		Debug|Any CPU = Debug|Any CPU
		Release|Any CPU = Release|Any CPU
	EndGlobalSection
	GlobalSection(ProjectConfigurationPlatforms) = postSolution
		{15CA2951-0A69-46F9-822A-6AEB516BD66C}.Debug|Any CPU.ActiveCfg = Debug|Any CPU
		{15CA2951-0A69-46F9-822A-6AEB516BD66C}.Debug|Any CPU.Build.0 = Debug|Any CPU
		{15CA2951-0A69-46F9-822A-6AEB516BD66C}.Release|Any CPU.ActiveCfg = Release|Any CPU
		{15CA2951-0A69-46F9-822A-6AEB516BD66C}.Release|Any CPU.Build.0 = Release|Any CPU
		{79A46E43-2F4C-424F-BCB8-1DA7760939F8}.Debug|Any CPU.ActiveCfg = Debug|Any CPU
		{79A46E43-2F4C-424F-BCB8-1DA7760939F8}.Debug|Any CPU.Build.0 = Debug|Any CPU
		{79A46E43-2F4C-424F-BCB8-1DA7760939F8}.Release|Any CPU.ActiveCfg = Release|Any CPU
		{79A46E43-2F4C-424F-BCB8-1DA7760939F8}.Release|Any CPU.Build.0 = Release|Any CPU
	EndGlobalSection
	GlobalSection(SolutionProperties) = preSolution
		HideSolutionNode = FALSE
	EndGlobalSection
	GlobalSection(ExtensibilityGlobals) = postSolution
		SolutionGuid = {13BEB7FC-063B-479C-ACD5-B65BB296E0D8}
	EndGlobalSection
EndGlobal
